
Microsoft Visual Studio Solution File, Format Version 12.00
# Visual Studio 2013
VisualStudioVersion = 12.0.30723.0
MinimumVisualStudioVersion = 10.0.40219.1
Project("{FAE04EC0-301F-11D3-BF4B-00C04F79EFBC}") = "Dumb", "Dumb\Dumb.csproj", "{DDF69B40-7096-463C-8B2F-84A53BEAA166}"
EndProject
Project("{FAE04EC0-301F-11D3-BF4B-00C04F79EFBC}") = "Client", "Client\Client.csproj", "{CECCC93A-7FE2-4BE7-A9A4-3456B3B10AEB}"
EndProject
Global
	GlobalSection(SolutionConfigurationPlatforms) = preSolution
		Debug|Any CPU = Debug|Any CPU
		Release|Any CPU = Release|Any CPU
	EndGlobalSection
	GlobalSection(ProjectConfigurationPlatforms) = postSolution
		{DDF69B40-7096-463C-8B2F-84A53BEAA166}.Debug|Any CPU.ActiveCfg = Debug|Any CPU
		{DDF69B40-7096-463C-8B2F-84A53BEAA166}.Debug|Any CPU.Build.0 = Debug|Any CPU
		{DDF69B40-7096-463C-8B2F-84A53BEAA166}.Release|Any CPU.ActiveCfg = Release|Any CPU
		{DDF69B40-7096-463C-8B2F-84A53BEAA166}.Release|Any CPU.Build.0 = Release|Any CPU
		{CECCC93A-7FE2-4BE7-A9A4-3456B3B10AEB}.Debug|Any CPU.ActiveCfg = Debug|Any CPU
		{CECCC93A-7FE2-4BE7-A9A4-3456B3B10AEB}.Debug|Any CPU.Build.0 = Debug|Any CPU
		{CECCC93A-7FE2-4BE7-A9A4-3456B3B10AEB}.Release|Any CPU.ActiveCfg = Release|Any CPU
		{CECCC93A-7FE2-4BE7-A9A4-3456B3B10AEB}.Release|Any CPU.Build.0 = Release|Any CPU
	EndGlobalSection
	GlobalSection(SolutionProperties) = preSolution
		HideSolutionNode = FALSE
	EndGlobalSection
EndGlobal
